
Microsoft Visual Studio Solution File, Format Version 12.00
# Visual Studio 2013
VisualStudioVersion = 12.0.31101.0
MinimumVisualStudioVersion = 10.0.40219.1
Project("{FAE04EC0-301F-11D3-BF4B-00C04F79EFBC}") = "Tshest.Objects", "Objects/Tshest.Objects.csproj", "{990014FC-2497-4AE6-AD98-9D9985441DF8}"
EndProject
Project("{FAE04EC0-301F-11D3-BF4B-00C04F79EFBC}") = "Tshest.ODataBackend", "ODataBackend/Tshest.ODataBackend.csproj", "{56631E56-E6D5-40FB-BBBB-552A1E2857E5}"
EndProject
Global
	GlobalSection(SolutionConfigurationPlatforms) = preSolution
Debug|Any CPU = Debug|Any CPU
Release|Any CPU = Release|Any CPU
	EndGlobalSection
	GlobalSection(ProjectConfigurationPlatforms) = postSolution
		{990014FC-2497-4AE6-AD98-9D9985441DF8}.Debug|Any CPU.ActiveCfg = Debug|Any CPU
		{990014FC-2497-4AE6-AD98-9D9985441DF8}.Debug|Any CPU.Build.0 = Debug|Any CPU
		{990014FC-2497-4AE6-AD98-9D9985441DF8}.Release|Any CPU.ActiveCfg = Release|Any CPU
		{990014FC-2497-4AE6-AD98-9D9985441DF8}.Release|Any CPU.Build.0 = Release|Any CPU
		{56631E56-E6D5-40FB-BBBB-552A1E2857E5}.Debug|Any CPU.ActiveCfg = Debug|Any CPU
		{56631E56-E6D5-40FB-BBBB-552A1E2857E5}.Debug|Any CPU.Build.0 = Debug|Any CPU
		{56631E56-E6D5-40FB-BBBB-552A1E2857E5}.Release|Any CPU.ActiveCfg = Release|Any CPU
		{56631E56-E6D5-40FB-BBBB-552A1E2857E5}.Release|Any CPU.Build.0 = Release|Any CPU
	EndGlobalSection
	GlobalSection(SolutionProperties) = preSolution
		HideSolutionNode = FALSE
	EndGlobalSection
EndGlobal
